
Microsoft Visual Studio Solution File, Format Version 12.00
# Visual Studio Version 16
VisualStudioVersion = 16.0.31605.320
MinimumVisualStudioVersion = 10.0.40219.1
Project("{FAE04EC0-301F-11D3-BF4B-00C04F79EFBC}") = "BlazorServerSignalRApp", "BlazorServerSignalRApp\BlazorServerSignalRApp.csproj", "{06CD18A8-3E19-4438-9528-911D1678422B}"
EndProject
Global
	GlobalSection(SolutionConfigurationPlatforms) = preSolution
		Debug|Any CPU = Debug|Any CPU
		Release|Any CPU = Release|Any CPU
	EndGlobalSection
	GlobalSection(ProjectConfigurationPlatforms) = postSolution
		{06CD18A8-3E19-4438-9528-911D1678422B}.Debug|Any CPU.ActiveCfg = Debug|Any CPU
		{06CD18A8-3E19-4438-9528-911D1678422B}.Debug|Any CPU.Build.0 = Debug|Any CPU
		{06CD18A8-3E19-4438-9528-911D1678422B}.Release|Any CPU.ActiveCfg = Release|Any CPU
		{06CD18A8-3E19-4438-9528-911D1678422B}.Release|Any CPU.Build.0 = Release|Any CPU
	EndGlobalSection
	GlobalSection(SolutionProperties) = preSolution
		HideSolutionNode = FALSE
	EndGlobalSection
	GlobalSection(ExtensibilityGlobals) = postSolution
		SolutionGuid = {BBFF8860-97E2-4392-913B-3D6500951BE0}
	EndGlobalSection
EndGlobal
