
Microsoft Visual Studio Solution File, Format Version 12.00
# Visual Studio Version 16
VisualStudioVersion = 16.0.31605.320
MinimumVisualStudioVersion = 10.0.40219.1
Project("{FAE04EC0-301F-11D3-BF4B-00C04F79EFBC}") = "MvcMovie", "MvcMovie.csproj", "{010A9463-4236-4055-B635-A5227B87CDA8}"
EndProject
Global
	GlobalSection(SolutionConfigurationPlatforms) = preSolution
		Debug|Any CPU = Debug|Any CPU
		Release|Any CPU = Release|Any CPU
	EndGlobalSection
	GlobalSection(ProjectConfigurationPlatforms) = postSolution
		{010A9463-4236-4055-B635-A5227B87CDA8}.Debug|Any CPU.ActiveCfg = Debug|Any CPU
		{010A9463-4236-4055-B635-A5227B87CDA8}.Debug|Any CPU.Build.0 = Debug|Any CPU
		{010A9463-4236-4055-B635-A5227B87CDA8}.Release|Any CPU.ActiveCfg = Release|Any CPU
		{010A9463-4236-4055-B635-A5227B87CDA8}.Release|Any CPU.Build.0 = Release|Any CPU
	EndGlobalSection
	GlobalSection(SolutionProperties) = preSolution
		HideSolutionNode = FALSE
	EndGlobalSection
	GlobalSection(ExtensibilityGlobals) = postSolution
		SolutionGuid = {79FFF729-B601-47C3-8173-4C3BB213597C}
	EndGlobalSection
EndGlobal
